
Microsoft Visual Studio Solution File, Format Version 12.00
# Visual Studio Version 16
VisualStudioVersion = 16.0.29411.138
MinimumVisualStudioVersion = 10.0.40219.1
Project("{FAE04EC0-301F-11D3-BF4B-00C04F79EFBC}") = "WindowsFormsApp26", "WindowsFormsApp26\WindowsFormsApp26.csproj", "{0F956F46-B2EE-47A1-9A9D-0708CFDD55F1}"
EndProject
Global
	GlobalSection(SolutionConfigurationPlatforms) = preSolution
		Debug|Any CPU = Debug|Any CPU
		Release|Any CPU = Release|Any CPU
	EndGlobalSection
	GlobalSection(ProjectConfigurationPlatforms) = postSolution
		{0F956F46-B2EE-47A1-9A9D-0708CFDD55F1}.Debug|Any CPU.ActiveCfg = Debug|Any CPU
		{0F956F46-B2EE-47A1-9A9D-0708CFDD55F1}.Debug|Any CPU.Build.0 = Debug|Any CPU
		{0F956F46-B2EE-47A1-9A9D-0708CFDD55F1}.Release|Any CPU.ActiveCfg = Release|Any CPU
		{0F956F46-B2EE-47A1-9A9D-0708CFDD55F1}.Release|Any CPU.Build.0 = Release|Any CPU
	EndGlobalSection
	GlobalSection(SolutionProperties) = preSolution
		HideSolutionNode = FALSE
	EndGlobalSection
	GlobalSection(ExtensibilityGlobals) = postSolution
		SolutionGuid = {F6372BE5-52CF-4117-BB78-4AE3D34DB61B}
	EndGlobalSection
EndGlobal
